
Microsoft Visual Studio Solution File, Format Version 12.00
# Visual Studio Version 17
VisualStudioVersion = 17.8.34511.84
MinimumVisualStudioVersion = 10.0.40219.1
Project("{9A19103F-16F7-4668-BE54-9A1E7A4F7556}") = "Lesson_01_Telnet", "Lesson_01_Telnet\Lesson_01_Telnet.csproj", "{A2FBEEFC-B8B9-46FE-9AA6-318248B7017B}"
EndProject
Project("{9A19103F-16F7-4668-BE54-9A1E7A4F7556}") = "Lesson_01_Telnet_01", "Lesson_01_Telnet_01\Lesson_01_Telnet_01.csproj", "{20DA6F6B-2592-48C3-93C3-FDE512508507}"
EndProject
Project("{9A19103F-16F7-4668-BE54-9A1E7A4F7556}") = "Lesson_02_TCP", "Lesson_02_TCP\Lesson_02_TCP.csproj", "{55871541-C3E1-405C-8C80-8C6DECF39B55}"
EndProject
Project("{9A19103F-16F7-4668-BE54-9A1E7A4F7556}") = "Lesson_02_TCP_01", "Lesson_02_TCP_01\Lesson_02_TCP_01.csproj", "{15D6DE59-C8CE-4D53-B43A-11C7FE2CB46D}"
EndProject
Project("{FAE04EC0-301F-11D3-BF4B-00C04F79EFBC}") = "Lesson_03_UDP_Server", "Lesson_03_UDP_Server\Lesson_03_UDP_Server.csproj", "{09E251DE-E7B3-4C88-81B1-BD670A4AE707}"
EndProject
Project("{FAE04EC0-301F-11D3-BF4B-00C04F79EFBC}") = "Lesson_03_UDP_Client", "Lesson_03_UDP_Client\Lesson_03_UDP_Client.csproj", "{51ABCCD8-E1AF-4F56-B8DD-1E242CAC9725}"
EndProject
Global
	GlobalSection(SolutionConfigurationPlatforms) = preSolution
		Debug|Any CPU = Debug|Any CPU
		Release|Any CPU = Release|Any CPU
	EndGlobalSection
	GlobalSection(ProjectConfigurationPlatforms) = postSolution
		{A2FBEEFC-B8B9-46FE-9AA6-318248B7017B}.Debug|Any CPU.ActiveCfg = Debug|Any CPU
		{A2FBEEFC-B8B9-46FE-9AA6-318248B7017B}.Debug|Any CPU.Build.0 = Debug|Any CPU
		{A2FBEEFC-B8B9-46FE-9AA6-318248B7017B}.Release|Any CPU.ActiveCfg = Release|Any CPU
		{A2FBEEFC-B8B9-46FE-9AA6-318248B7017B}.Release|Any CPU.Build.0 = Release|Any CPU
		{20DA6F6B-2592-48C3-93C3-FDE512508507}.Debug|Any CPU.ActiveCfg = Debug|Any CPU
		{20DA6F6B-2592-48C3-93C3-FDE512508507}.Debug|Any CPU.Build.0 = Debug|Any CPU
		{20DA6F6B-2592-48C3-93C3-FDE512508507}.Release|Any CPU.ActiveCfg = Release|Any CPU
		{20DA6F6B-2592-48C3-93C3-FDE512508507}.Release|Any CPU.Build.0 = Release|Any CPU
		{55871541-C3E1-405C-8C80-8C6DECF39B55}.Debug|Any CPU.ActiveCfg = Debug|Any CPU
		{55871541-C3E1-405C-8C80-8C6DECF39B55}.Debug|Any CPU.Build.0 = Debug|Any CPU
		{55871541-C3E1-405C-8C80-8C6DECF39B55}.Release|Any CPU.ActiveCfg = Release|Any CPU
		{55871541-C3E1-405C-8C80-8C6DECF39B55}.Release|Any CPU.Build.0 = Release|Any CPU
		{15D6DE59-C8CE-4D53-B43A-11C7FE2CB46D}.Debug|Any CPU.ActiveCfg = Debug|Any CPU
		{15D6DE59-C8CE-4D53-B43A-11C7FE2CB46D}.Debug|Any CPU.Build.0 = Debug|Any CPU
		{15D6DE59-C8CE-4D53-B43A-11C7FE2CB46D}.Release|Any CPU.ActiveCfg = Release|Any CPU
		{15D6DE59-C8CE-4D53-B43A-11C7FE2CB46D}.Release|Any CPU.Build.0 = Release|Any CPU
		{09E251DE-E7B3-4C88-81B1-BD670A4AE707}.Debug|Any CPU.ActiveCfg = Debug|Any CPU
		{09E251DE-E7B3-4C88-81B1-BD670A4AE707}.Debug|Any CPU.Build.0 = Debug|Any CPU
		{09E251DE-E7B3-4C88-81B1-BD670A4AE707}.Release|Any CPU.ActiveCfg = Release|Any CPU
		{09E251DE-E7B3-4C88-81B1-BD670A4AE707}.Release|Any CPU.Build.0 = Release|Any CPU
		{51ABCCD8-E1AF-4F56-B8DD-1E242CAC9725}.Debug|Any CPU.ActiveCfg = Debug|Any CPU
		{51ABCCD8-E1AF-4F56-B8DD-1E242CAC9725}.Debug|Any CPU.Build.0 = Debug|Any CPU
		{51ABCCD8-E1AF-4F56-B8DD-1E242CAC9725}.Release|Any CPU.ActiveCfg = Release|Any CPU
		{51ABCCD8-E1AF-4F56-B8DD-1E242CAC9725}.Release|Any CPU.Build.0 = Release|Any CPU
	EndGlobalSection
	GlobalSection(SolutionProperties) = preSolution
		HideSolutionNode = FALSE
	EndGlobalSection
	GlobalSection(ExtensibilityGlobals) = postSolution
		SolutionGuid = {9589154E-176E-4EB5-8CB0-55BDFFA4B11D}
	EndGlobalSection
EndGlobal
